# This file is generated by running "yarn install" inside your project.
# Manual changes might be lost - proceed with caution!

__metadata:
  version: 8
  cacheKey: 10c0

"@babel/runtime@npm:^7.5.5, @babel/runtime@npm:^7.8.7":
  version: 7.29.2
  resolution: "@babel/runtime@npm:7.29.2"
  checksum: 10c0/30b80a0140d16467792e1bbeb06f655b0dab70407da38dfac7fedae9c859f9ae9d846ef14ad77bd3814c064295fe9b1bc551f1541ea14646ae9f22b71a8bc17a
  languageName: node
  linkType: hard

"@next/env@npm:14.2.35":
  version: 14.2.35
  resolution: "@next/env@npm:14.2.35"
  checksum: 10c0/e042f1771f91d4f69b296aa7f633df216464df5844e5e1ea46105b76b2e519093dff4b25df9a24576916811b65a7e896202b2540649af5aa54bd7f8b19d7b6ab
  languageName: node
  linkType: hard

"@next/swc-darwin-arm64@npm:14.2.33":
  version: 14.2.33
  resolution: "@next/swc-darwin-arm64@npm:14.2.33"
  conditions: os=darwin & cpu=arm64
  languageName: node
  linkType: hard

"@next/swc-darwin-x64@npm:14.2.33":
  version: 14.2.33
  resolution: "@next/swc-darwin-x64@npm:14.2.33"
  conditions: os=darwin & cpu=x64
  languageName: node
  linkType: hard

"@next/swc-linux-arm64-gnu@npm:14.2.33":
  version: 14.2.33
  resolution: "@next/swc-linux-arm64-gnu@npm:14.2.33"
  conditions: os=linux & cpu=arm64 & libc=glibc
  languageName: node
  linkType: hard

"@next/swc-linux-arm64-musl@npm:14.2.33":
  version: 14.2.33
  resolution: "@next/swc-linux-arm64-musl@npm:14.2.33"
  conditions: os=linux & cpu=arm64 & libc=musl
  languageName: node
  linkType: hard

"@next/swc-linux-x64-gnu@npm:14.2.33":
  version: 14.2.33
  resolution: "@next/swc-linux-x64-gnu@npm:14.2.33"
  conditions: os=linux & cpu=x64 & libc=glibc
  languageName: node
  linkType: hard

"@next/swc-linux-x64-musl@npm:14.2.33":
  version: 14.2.33
  resolution: "@next/swc-linux-x64-musl@npm:14.2.33"
  conditions: os=linux & cpu=x64 & libc=musl
  languageName: node
  linkType: hard

"@next/swc-win32-arm64-msvc@npm:14.2.33":
  version: 14.2.33
  resolution: "@next/swc-win32-arm64-msvc@npm:14.2.33"
  conditions: os=win32 & cpu=arm64
  languageName: node
  linkType: hard

"@next/swc-win32-ia32-msvc@npm:14.2.33":
  version: 14.2.33
  resolution: "@next/swc-win32-ia32-msvc@npm:14.2.33"
  conditions: os=win32 & cpu=ia32
  languageName: node
  linkType: hard

"@next/swc-win32-x64-msvc@npm:14.2.33":
  version: 14.2.33
  resolution: "@next/swc-win32-x64-msvc@npm:14.2.33"
  conditions: os=win32 & cpu=x64
  languageName: node
  linkType: hard

"@swc/counter@npm:^0.1.3":
  version: 0.1.3
  resolution: "@swc/counter@npm:0.1.3"
  checksum: 10c0/8424f60f6bf8694cfd2a9bca45845bce29f26105cda8cf19cdb9fd3e78dc6338699e4db77a89ae449260bafa1cc6bec307e81e7fb96dbf7dcfce0eea55151356
  languageName: node
  linkType: hard

"@swc/helpers@npm:0.5.5":
  version: 0.5.5
  resolution: "@swc/helpers@npm:0.5.5"
  dependencies:
    "@swc/counter": "npm:^0.1.3"
    tslib: "npm:^2.4.0"
  checksum: 10c0/21a9b9cfe7e00865f9c9f3eb4c1cc5b397143464f7abee76a2c5366e591e06b0155b5aac93fe8269ef8d548df253f6fd931e9ddfc0fd12efd405f90f45506e7d
  languageName: node
  linkType: hard

"@thednp/dommatrix@npm:^2.0.6":
  version: 2.0.12
  resolution: "@thednp/dommatrix@npm:2.0.12"
  checksum: 10c0/5dea36345f21c8b967fe643af5fe114844ab011fd0223d5bd6a686030678477c81b8e0360a94873fd7d0f5efd6df3f5305af30e6a2282f29e869e9bb092efa6c
  languageName: node
  linkType: hard

"animate.css@npm:latest":
  version: 4.1.1
  resolution: "animate.css@npm:4.1.1"
  checksum: 10c0/28fcf5a5f502e4c12186846d22aa1cd63b835955160a97116930c78bff8a89135aa5c57f94010252a29456ada7cfc8ed8791cac02521ec6402befaf883937159
  languageName: node
  linkType: hard

"bootstrap-touchspin@npm:^4.7.3":
  version: 4.7.3
  resolution: "bootstrap-touchspin@npm:4.7.3"
  checksum: 10c0/2f1f1f155528e814d802dc2361f6a3be39112850df4e8e0a489a7dabd848cc0e76c02faca984b754b53dd3018c58e3a0d0bcaa4b5a66accbb3bc16f55971c150
  languageName: node
  linkType: hard

"busboy@npm:1.6.0":
  version: 1.6.0
  resolution: "busboy@npm:1.6.0"
  dependencies:
    streamsearch: "npm:^1.1.0"
  checksum: 10c0/fa7e836a2b82699b6e074393428b91ae579d4f9e21f5ac468e1b459a244341d722d2d22d10920cdd849743dbece6dca11d72de939fb75a7448825cf2babfba1f
  languageName: node
  linkType: hard

"caniuse-lite@npm:^1.0.30001579":
  version: 1.0.30001787
  resolution: "caniuse-lite@npm:1.0.30001787"
  checksum: 10c0/93a6975afbf07f49c9077b348948bbc25b6a82596ccd07b4b6503e48f6f968e1a1e057cc25004db8a2d1d4f35f0c792739e33634edfcefc88ff184c9a2f7a036
  languageName: node
  linkType: hard

"client-only@npm:0.0.1":
  version: 0.0.1
  resolution: "client-only@npm:0.0.1"
  checksum: 10c0/9d6cfd0c19e1c96a434605added99dff48482152af791ec4172fb912a71cff9027ff174efd8cdb2160cc7f377543e0537ffc462d4f279bc4701de3f2a3c4b358
  languageName: node
  linkType: hard

"core-js@npm:^3.27.2":
  version: 3.49.0
  resolution: "core-js@npm:3.49.0"
  checksum: 10c0/2e42edb47eda38fd5368380131623c8aa5d4a6b42164125b17744bdc08fa5ebbbdd06b4b4aa6ca3663470a560b0f2fba48e18f142dfe264b0039df85bc625694
  languageName: node
  linkType: hard

"countup.js@npm:^2.8.0":
  version: 2.10.0
  resolution: "countup.js@npm:2.10.0"
  checksum: 10c0/71d6f7f9f2812b9f2fa1a40fedf6294c85607a4640b758c045243268ca121a2890bd433f42f6f775a7458acc6e7598cc050911e931a8d337787587681460223f
  languageName: node
  linkType: hard

"csstype@npm:^3.0.2":
  version: 3.2.3
  resolution: "csstype@npm:3.2.3"
  checksum: 10c0/cd29c51e70fa822f1cecd8641a1445bed7063697469d35633b516e60fe8c1bde04b08f6c5b6022136bb669b64c63d4173af54864510fbb4ee23281801841a3ce
  languageName: node
  linkType: hard

"desandro-matches-selector@npm:^2.0.0":
  version: 2.0.2
  resolution: "desandro-matches-selector@npm:2.0.2"
  checksum: 10c0/f4b1f42e6ccd6c97e93e3f99a64461eef2722075b03d8a9e349e31766436f8b385d1fd50802b024dae951dc69399f13de20a139c1187000fd5e2fcf11cb5eb00
  languageName: node
  linkType: hard

"dom-helpers@npm:^5.0.1":
  version: 5.2.1
  resolution: "dom-helpers@npm:5.2.1"
  dependencies:
    "@babel/runtime": "npm:^7.8.7"
    csstype: "npm:^3.0.2"
  checksum: 10c0/f735074d66dd759b36b158fa26e9d00c9388ee0e8c9b16af941c38f014a37fc80782de83afefd621681b19ac0501034b4f1c4a3bff5caa1b8667f0212b5e124c
  languageName: node
  linkType: hard

"dommatrix@npm:^1.0.3":
  version: 1.0.3
  resolution: "dommatrix@npm:1.0.3"
  checksum: 10c0/498e630888ba138c1d140cbb25ca8dbd9ed747486aa0693dcc7a8318f910e4791d6b0fa4ef4c383c419b72e119fa2c26d9ee15a3c7b0e8088979cf02092e2a18
  languageName: node
  linkType: hard

"ev-emitter@npm:^1.0.0":
  version: 1.1.1
  resolution: "ev-emitter@npm:1.1.1"
  checksum: 10c0/332dcb444de2b1d81035fb22a10dd33926311baa7ea6fc24f1de7b60c6eff5b7e133611000fce740471f0c8f95259d3914d49b4201af2d85a51f0aeb8cb1ceda
  languageName: node
  linkType: hard

"fizzy-ui-utils@npm:^2.0.0, fizzy-ui-utils@npm:^2.0.4":
  version: 2.0.7
  resolution: "fizzy-ui-utils@npm:2.0.7"
  dependencies:
    desandro-matches-selector: "npm:^2.0.0"
  checksum: 10c0/4c36d45db4e2e0cf1507aa9633af6710a12bdc047146fa89505e10aedc5bfb16cbfb0da686d5dfd89a37e1da4bce86bbee365e22be88705ab4ffccd530b4902a
  languageName: node
  linkType: hard

"get-size@npm:^2.0.0, get-size@npm:^2.0.2":
  version: 2.0.3
  resolution: "get-size@npm:2.0.3"
  checksum: 10c0/c9703caa61b4d38385eab34aa5068f3a25ab40f6d9cda6dac3f0dc4dcd8da38f7b0283035e71c9f52a47b670b9315372cae46f58d66ad709a4939e57c1fdc6cc
  languageName: node
  linkType: hard

"graceful-fs@npm:^4.2.11":
  version: 4.2.11
  resolution: "graceful-fs@npm:4.2.11"
  checksum: 10c0/386d011a553e02bc594ac2ca0bd6d9e4c22d7fa8cfbfc448a6d148c59ea881b092db9dbe3547ae4b88e55f1b01f7c4a2ecc53b310c042793e63aa44cf6c257f2
  languageName: node
  linkType: hard

"isotope-layout@npm:^3.0.6":
  version: 3.0.6
  resolution: "isotope-layout@npm:3.0.6"
  dependencies:
    desandro-matches-selector: "npm:^2.0.0"
    fizzy-ui-utils: "npm:^2.0.4"
    get-size: "npm:^2.0.0"
    masonry-layout: "npm:^4.1.0"
    outlayer: "npm:^2.1.0"
  checksum: 10c0/ffd3d9848f35c94efded5ecdfc14ae09c8ea4cd741ed62fe7d727ffe272896ba496e14c98726ff4d5886fd8a7fa817ecc9996da33b416c52290521b2f48763d4
  languageName: node
  linkType: hard

"jquery@npm:^3.7.1":
  version: 3.7.1
  resolution: "jquery@npm:3.7.1"
  checksum: 10c0/808cfbfb758438560224bf26e17fcd5afc7419170230c810dd11f5c1792e2263e2970cca8d659eb84fcd9acc301edb6d310096e450277d54be4f57071b0c82d9
  languageName: node
  linkType: hard

"js-tokens@npm:^3.0.0 || ^4.0.0":
  version: 4.0.0
  resolution: "js-tokens@npm:4.0.0"
  checksum: 10c0/e248708d377aa058eacf2037b07ded847790e6de892bbad3dac0abba2e759cb9f121b00099a65195616badcb6eca8d14d975cb3e89eb1cfda644756402c8aeed
  languageName: node
  linkType: hard

"lavale@workspace:.":
  version: 0.0.0-use.local
  resolution: "lavale@workspace:."
  dependencies:
    "@thednp/dommatrix": "npm:^2.0.6"
    bootstrap-touchspin: "npm:^4.7.3"
    isotope-layout: "npm:^3.0.6"
    jquery: "npm:^3.7.1"
    lightgallery: "npm:^2.7.2"
    next: "npm:^14.2.8"
    react: "npm:^18"
    react-countup: "npm:^6.5.3"
    react-curved-text: "npm:^3.0.1"
    react-dom: "npm:^18"
    react-modal-video: "npm:^2.0.2"
    swiper: "npm:^11.1.4"
    wowjs: "npm:^1.1.3"
  languageName: unknown
  linkType: soft

"lightgallery@npm:^2.7.2":
  version: 2.9.0
  resolution: "lightgallery@npm:2.9.0"
  checksum: 10c0/4af068718f937128d517fb9eb637def578351297bd17cdb12b38f941c1a5b0b302e1b8ac4f3cff24ad4a81c00904db2648084dac7984bd38c05ea3bfab3ef248
  languageName: node
  linkType: hard

"loose-envify@npm:^1.1.0, loose-envify@npm:^1.4.0":
  version: 1.4.0
  resolution: "loose-envify@npm:1.4.0"
  dependencies:
    js-tokens: "npm:^3.0.0 || ^4.0.0"
  bin:
    loose-envify: cli.js
  checksum: 10c0/655d110220983c1a4b9c0c679a2e8016d4b67f6e9c7b5435ff5979ecdb20d0813f4dec0a08674fcbdd4846a3f07edbb50a36811fd37930b94aaa0d9daceb017e
  languageName: node
  linkType: hard

"masonry-layout@npm:^4.1.0":
  version: 4.2.2
  resolution: "masonry-layout@npm:4.2.2"
  dependencies:
    get-size: "npm:^2.0.2"
    outlayer: "npm:^2.1.0"
  checksum: 10c0/991044cf7c22acbbb1135690314d68f9f237ef17315494c9dd25ed00fa0c526a8eb27d6bcf99a141a9d049bd62c5c251f66f9c8a4c201ca9c0944d8e44c0f09f
  languageName: node
  linkType: hard

"nanoid@npm:^3.3.6":
  version: 3.3.11
  resolution: "nanoid@npm:3.3.11"
  bin:
    nanoid: bin/nanoid.cjs
  checksum: 10c0/40e7f70b3d15f725ca072dfc4f74e81fcf1fbb02e491cf58ac0c79093adc9b0a73b152bcde57df4b79cd097e13023d7504acb38404a4da7bc1cd8e887b82fe0b
  languageName: node
  linkType: hard

"next@npm:^14.2.8":
  version: 14.2.35
  resolution: "next@npm:14.2.35"
  dependencies:
    "@next/env": "npm:14.2.35"
    "@next/swc-darwin-arm64": "npm:14.2.33"
    "@next/swc-darwin-x64": "npm:14.2.33"
    "@next/swc-linux-arm64-gnu": "npm:14.2.33"
    "@next/swc-linux-arm64-musl": "npm:14.2.33"
    "@next/swc-linux-x64-gnu": "npm:14.2.33"
    "@next/swc-linux-x64-musl": "npm:14.2.33"
    "@next/swc-win32-arm64-msvc": "npm:14.2.33"
    "@next/swc-win32-ia32-msvc": "npm:14.2.33"
    "@next/swc-win32-x64-msvc": "npm:14.2.33"
    "@swc/helpers": "npm:0.5.5"
    busboy: "npm:1.6.0"
    caniuse-lite: "npm:^1.0.30001579"
    graceful-fs: "npm:^4.2.11"
    postcss: "npm:8.4.31"
    styled-jsx: "npm:5.1.1"
  peerDependencies:
    "@opentelemetry/api": ^1.1.0
    "@playwright/test": ^1.41.2
    react: ^18.2.0
    react-dom: ^18.2.0
    sass: ^1.3.0
  dependenciesMeta:
    "@next/swc-darwin-arm64":
      optional: true
    "@next/swc-darwin-x64":
      optional: true
    "@next/swc-linux-arm64-gnu":
      optional: true
    "@next/swc-linux-arm64-musl":
      optional: true
    "@next/swc-linux-x64-gnu":
      optional: true
    "@next/swc-linux-x64-musl":
      optional: true
    "@next/swc-win32-arm64-msvc":
      optional: true
    "@next/swc-win32-ia32-msvc":
      optional: true
    "@next/swc-win32-x64-msvc":
      optional: true
  peerDependenciesMeta:
    "@opentelemetry/api":
      optional: true
    "@playwright/test":
      optional: true
    sass:
      optional: true
  bin:
    next: dist/bin/next
  checksum: 10c0/5b1eadd554cd2cb1f030335d71a9363d16d86453f60a2331333887804c8b4b04a16fcb1ddb58229b792b6c365dbd0fafd9ccacd727c85134101a124bd6b4c06a
  languageName: node
  linkType: hard

"object-assign@npm:^4.1.1":
  version: 4.1.1
  resolution: "object-assign@npm:4.1.1"
  checksum: 10c0/1f4df9945120325d041ccf7b86f31e8bcc14e73d29171e37a7903050e96b81323784ec59f93f102ec635bcf6fa8034ba3ea0a8c7e69fa202b87ae3b6cec5a414
  languageName: node
  linkType: hard

"outlayer@npm:^2.1.0":
  version: 2.1.1
  resolution: "outlayer@npm:2.1.1"
  dependencies:
    ev-emitter: "npm:^1.0.0"
    fizzy-ui-utils: "npm:^2.0.0"
    get-size: "npm:^2.0.2"
  checksum: 10c0/863f5568e16833d11d048a760ddd92395a9e1e49b51b669d863ff4ffda4cf8f6d91ebb2c4c20e26ca30175cb295f8f436075772a56c7e17ae40d3f095d449a53
  languageName: node
  linkType: hard

"picocolors@npm:^1.0.0":
  version: 1.1.1
  resolution: "picocolors@npm:1.1.1"
  checksum: 10c0/e2e3e8170ab9d7c7421969adaa7e1b31434f789afb9b3f115f6b96d91945041ac3ceb02e9ec6fe6510ff036bcc0bf91e69a1772edc0b707e12b19c0f2d6bcf58
  languageName: node
  linkType: hard

"postcss@npm:8.4.31":
  version: 8.4.31
  resolution: "postcss@npm:8.4.31"
  dependencies:
    nanoid: "npm:^3.3.6"
    picocolors: "npm:^1.0.0"
    source-map-js: "npm:^1.0.2"
  checksum: 10c0/748b82e6e5fc34034dcf2ae88ea3d11fd09f69b6c50ecdd3b4a875cfc7cdca435c958b211e2cb52355422ab6fccb7d8f2f2923161d7a1b281029e4a913d59acf
  languageName: node
  linkType: hard

"prop-types@npm:^15.6.2":
  version: 15.8.1
  resolution: "prop-types@npm:15.8.1"
  dependencies:
    loose-envify: "npm:^1.4.0"
    object-assign: "npm:^4.1.1"
    react-is: "npm:^16.13.1"
  checksum: 10c0/59ece7ca2fb9838031d73a48d4becb9a7cc1ed10e610517c7d8f19a1e02fa47f7c27d557d8a5702bec3cfeccddc853579832b43f449e54635803f277b1c78077
  languageName: node
  linkType: hard

"react-countup@npm:^6.5.3":
  version: 6.5.3
  resolution: "react-countup@npm:6.5.3"
  dependencies:
    countup.js: "npm:^2.8.0"
  peerDependencies:
    react: ">= 16.3.0"
  checksum: 10c0/d18beba2a7dc5f2dce346d47c90e76570f862a7f49acb7ad73028acfd584f691c84dde3b1c8743181d158636a20a7b9201ad8c6c8b4d310ff02ca68eaccf997f
  languageName: node
  linkType: hard

"react-curved-text@npm:^3.0.1":
  version: 3.0.1
  resolution: "react-curved-text@npm:3.0.1"
  dependencies:
    svg-path-commander: "npm:1.0.5"
  peerDependencies:
    react: ">=18.0.0"
    react-dom: ">=18.0.0"
  checksum: 10c0/226842352ec6a347f78775983c515d3fe7b0c82f596e3dde109351286483a233b603965c24dafc5e32eda5c29260c23a9117bc6e8f17d1ec7c96d5d5e14cce07
  languageName: node
  linkType: hard

"react-dom@npm:^18":
  version: 18.3.1
  resolution: "react-dom@npm:18.3.1"
  dependencies:
    loose-envify: "npm:^1.1.0"
    scheduler: "npm:^0.23.2"
  peerDependencies:
    react: ^18.3.1
  checksum: 10c0/a752496c1941f958f2e8ac56239172296fcddce1365ce45222d04a1947e0cc5547df3e8447f855a81d6d39f008d7c32eab43db3712077f09e3f67c4874973e85
  languageName: node
  linkType: hard

"react-is@npm:^16.13.1":
  version: 16.13.1
  resolution: "react-is@npm:16.13.1"
  checksum: 10c0/33977da7a5f1a287936a0c85639fec6ca74f4f15ef1e59a6bc20338fc73dc69555381e211f7a3529b8150a1f71e4225525b41b60b52965bda53ce7d47377ada1
  languageName: node
  linkType: hard

"react-modal-video@npm:^2.0.2":
  version: 2.0.2
  resolution: "react-modal-video@npm:2.0.2"
  dependencies:
    core-js: "npm:^3.27.2"
    react-transition-group: "npm:^4.4.2"
  peerDependencies:
    react: ^17.0.0 || ^18.2.0
    react-dom: ^17.0.0 || ^18.2.0
  checksum: 10c0/5e88cb4ebef95232e9daa952b0f8094ca0eeed3a9fd2aa16300eeece159d320115fe9ceff55581f480a9a39b8342252c11b736fe8480f033def05d37df0e776d
  languageName: node
  linkType: hard

"react-transition-group@npm:^4.4.2":
  version: 4.4.5
  resolution: "react-transition-group@npm:4.4.5"
  dependencies:
    "@babel/runtime": "npm:^7.5.5"
    dom-helpers: "npm:^5.0.1"
    loose-envify: "npm:^1.4.0"
    prop-types: "npm:^15.6.2"
  peerDependencies:
    react: ">=16.6.0"
    react-dom: ">=16.6.0"
  checksum: 10c0/2ba754ba748faefa15f87c96dfa700d5525054a0141de8c75763aae6734af0740e77e11261a1e8f4ffc08fd9ab78510122e05c21c2d79066c38bb6861a886c82
  languageName: node
  linkType: hard

"react@npm:^18":
  version: 18.3.1
  resolution: "react@npm:18.3.1"
  dependencies:
    loose-envify: "npm:^1.1.0"
  checksum: 10c0/283e8c5efcf37802c9d1ce767f302dd569dd97a70d9bb8c7be79a789b9902451e0d16334b05d73299b20f048cbc3c7d288bbbde10b701fa194e2089c237dbea3
  languageName: node
  linkType: hard

"scheduler@npm:^0.23.2":
  version: 0.23.2
  resolution: "scheduler@npm:0.23.2"
  dependencies:
    loose-envify: "npm:^1.1.0"
  checksum: 10c0/26383305e249651d4c58e6705d5f8425f153211aef95f15161c151f7b8de885f24751b377e4a0b3dd42cce09aad3f87a61dab7636859c0d89b7daf1a1e2a5c78
  languageName: node
  linkType: hard

"source-map-js@npm:^1.0.2":
  version: 1.2.1
  resolution: "source-map-js@npm:1.2.1"
  checksum: 10c0/7bda1fc4c197e3c6ff17de1b8b2c20e60af81b63a52cb32ec5a5d67a20a7d42651e2cb34ebe93833c5a2a084377e17455854fee3e21e7925c64a51b6a52b0faf
  languageName: node
  linkType: hard

"streamsearch@npm:^1.1.0":
  version: 1.1.0
  resolution: "streamsearch@npm:1.1.0"
  checksum: 10c0/fbd9aecc2621364384d157f7e59426f4bfd385e8b424b5aaa79c83a6f5a1c8fd2e4e3289e95de1eb3511cb96bb333d6281a9919fafce760e4edb35b2cd2facab
  languageName: node
  linkType: hard

"styled-jsx@npm:5.1.1":
  version: 5.1.1
  resolution: "styled-jsx@npm:5.1.1"
  dependencies:
    client-only: "npm:0.0.1"
  peerDependencies:
    react: ">= 16.8.0 || 17.x.x || ^18.0.0-0"
  peerDependenciesMeta:
    "@babel/core":
      optional: true
    babel-plugin-macros:
      optional: true
  checksum: 10c0/42655cdadfa5388f8a48bb282d6b450df7d7b8cf066ac37038bd0499d3c9f084815ebd9ff9dfa12a218fd4441338851db79603498d7557207009c1cf4d609835
  languageName: node
  linkType: hard

"svg-path-commander@npm:1.0.5":
  version: 1.0.5
  resolution: "svg-path-commander@npm:1.0.5"
  dependencies:
    dommatrix: "npm:^1.0.3"
  checksum: 10c0/914dc4230bb538720b3005032d7accb434a31a05da9bdd195fd5c680b4b7774c9a415df732130f37e378a8d902a8a3a3ae112d8dbac5db37b7eec1db9c66bd36
  languageName: node
  linkType: hard

"swiper@npm:^11.1.4":
  version: 11.2.10
  resolution: "swiper@npm:11.2.10"
  checksum: 10c0/b7e3a7c79d92ccc62af77744edc376c9aefc771a0abd50c4adf07b5e3450b5da9ca7f84f5809e275ff65e1bc9d4500d930628e84a76fc7f2db403291c69b7fac
  languageName: node
  linkType: hard

"tslib@npm:^2.4.0":
  version: 2.8.1
  resolution: "tslib@npm:2.8.1"
  checksum: 10c0/9c4759110a19c53f992d9aae23aac5ced636e99887b51b9e61def52611732872ff7668757d4e4c61f19691e36f4da981cd9485e869b4a7408d689f6bf1f14e62
  languageName: node
  linkType: hard

"wowjs@npm:^1.1.3":
  version: 1.1.3
  resolution: "wowjs@npm:1.1.3"
  dependencies:
    animate.css: "npm:latest"
  checksum: 10c0/a14f162312390803b66c777d413f11926f47f643fde59de015236a935a3915c6d86b349187ba5c8d48c9a2d381df2842885f5273d31b8f9380c380069667cb24
  languageName: node
  linkType: hard
